version = 1
revision = 3
requires-python = ">=3.9"
resolution-markers = [
    "python_full_version >= '3.10'",
    "python_full_version < '3.10'",
]

[[package]]
name = "linkify-it-py"
version = "2.0.3"
source = { registry = "https://pypi.org/simple" }
dependencies = [
    { name = "uc-micro-py" },
]
sdist = { url = "https://files.pythonhosted.org/packages/2a/ae/bb56c6828e4797ba5a4821eec7c43b8bf40f69cda4d4f5f8c8a2810ec96a/linkify-it-py-2.0.3.tar.gz", hash = "sha256:68cda27e162e9215c17d786649d1da0021a451bdc436ef9e0fa0ba5234b9b048", size = 27946, upload-time = "2024-02-04T14:48:04.179Z" }
wheels = [
    { url = "https://files.pythonhosted.org/packages/04/1e/b832de447dee8b582cac175871d2f6c3d5077cc56d5575cadba1fd1cccfa/linkify_it_py-2.0.3-py3-none-any.whl", hash = "sha256:6bcbc417b0ac14323382aef5c5192c0075bf8a9d6b41820a2b66371eac6b6d79", size = 19820, upload-time = "2024-02-04T14:48:02.496Z" },
]

[[package]]
name = "markdown-it-py"
version = "3.0.0"
source = { registry = "https://pypi.org/simple" }
resolution-markers = [
    "python_full_version < '3.10'",
]
dependencies = [
    { name = "mdurl", marker = "python_full_version < '3.10'" },
]
sdist = { url = "https://files.pythonhosted.org/packages/38/71/3b932df36c1a044d397a1f92d1cf91ee0a503d91e470cbd670aa66b07ed0/markdown-it-py-3.0.0.tar.gz", hash = "sha256:e3f60a94fa066dc52ec76661e37c851cb232d92f9886b15cb560aaada2df8feb", size = 74596, upload-time = "2023-06-03T06:41:14.443Z" }
wheels = [
    { url = "https://files.pythonhosted.org/packages/42/d7/1ec15b46af6af88f19b8e5ffea08fa375d433c998b8a7639e76935c14f1f/markdown_it_py-3.0.0-py3-none-any.whl", hash = "sha256:355216845c60bd96232cd8d8c40e8f9765cc86f46880e43a8fd22dc1a1a8cab1", size = 87528, upload-time = "2023-06-03T06:41:11.019Z" },
]

[package.optional-dependencies]
linkify = [
    { name = "linkify-it-py", marker = "python_full_version < '3.10'" },
]

[[package]]
name = "markdown-it-py"
version = "4.0.0"
source = { registry = "https://pypi.org/simple" }
resolution-markers = [
    "python_full_version >= '3.10'",
]
dependencies = [
    { name = "mdurl", marker = "python_full_version >= '3.10'" },
]
sdist = { url = "https://files.pythonhosted.org/packages/5b/f5/4ec618ed16cc4f8fb3b701563655a69816155e79e24a17b651541804721d/markdown_it_py-4.0.0.tar.gz", hash = "sha256:cb0a2b4aa34f932c007117b194e945bd74e0ec24133ceb5bac59009cda1cb9f3", size = 73070, upload-time = "2025-08-11T12:57:52.854Z" }
wheels = [
    { url = "https://files.pythonhosted.org/packages/94/54/e7d793b573f298e1c9013b8c4dade17d481164aa517d1d7148619c2cedbf/markdown_it_py-4.0.0-py3-none-any.whl", hash = "sha256:87327c59b172c5011896038353a81343b6754500a08cd7a4973bb48c6d578147", size = 87321, upload-time = "2025-08-11T12:57:51.923Z" },
]

[package.optional-dependencies]
linkify = [
    { name = "linkify-it-py", marker = "python_full_version >= '3.10'" },
]

[[package]]
name = "mdit-py-plugins"
version = "0.4.2"
source = { registry = "https://pypi.org/simple" }
resolution-markers = [
    "python_full_version < '3.10'",
]
dependencies = [
    { name = "markdown-it-py", version = "3.0.0", source = { registry = "https://pypi.org/simple" }, marker = "python_full_version < '3.10'" },
]
sdist = { url = "https://files.pythonhosted.org/packages/19/03/a2ecab526543b152300717cf232bb4bb8605b6edb946c845016fa9c9c9fd/mdit_py_plugins-0.4.2.tar.gz", hash = "sha256:5f2cd1fdb606ddf152d37ec30e46101a60512bc0e5fa1a7002c36647b09e26b5", size = 43542, upload-time = "2024-09-09T20:27:49.564Z" }
wheels = [
    { url = "https://files.pythonhosted.org/packages/a7/f7/7782a043553ee469c1ff49cfa1cdace2d6bf99a1f333cf38676b3ddf30da/mdit_py_plugins-0.4.2-py3-none-any.whl", hash = "sha256:0c673c3f889399a33b95e88d2f0d111b4447bdfea7f237dab2d488f459835636", size = 55316, upload-time = "2024-09-09T20:27:48.397Z" },
]

[[package]]
name = "mdit-py-plugins"
version = "0.5.0"
source = { registry = "https://pypi.org/simple" }
resolution-markers = [
    "python_full_version >= '3.10'",
]
dependencies = [
    { name = "markdown-it-py", version = "4.0.0", source = { registry = "https://pypi.org/simple" }, marker = "python_full_version >= '3.10'" },
]
sdist = { url = "https://files.pythonhosted.org/packages/b2/fd/a756d36c0bfba5f6e39a1cdbdbfdd448dc02692467d83816dff4592a1ebc/mdit_py_plugins-0.5.0.tar.gz", hash = "sha256:f4918cb50119f50446560513a8e311d574ff6aaed72606ddae6d35716fe809c6", size = 44655, upload-time = "2025-08-11T07:25:49.083Z" }
wheels = [
    { url = "https://files.pythonhosted.org/packages/fb/86/dd6e5db36df29e76c7a7699123569a4a18c1623ce68d826ed96c62643cae/mdit_py_plugins-0.5.0-py3-none-any.whl", hash = "sha256:07a08422fc1936a5d26d146759e9155ea466e842f5ab2f7d2266dd084c8dab1f", size = 57205, upload-time = "2025-08-11T07:25:47.597Z" },
]

[[package]]
name = "mdurl"
version = "0.1.2"
source = { registry = "https://pypi.org/simple" }
sdist = { url = "https://files.pythonhosted.org/packages/d6/54/cfe61301667036ec958cb99bd3efefba235e65cdeb9c84d24a8293ba1d90/mdurl-0.1.2.tar.gz", hash = "sha256:bb413d29f5eea38f31dd4754dd7377d4465116fb207585f97bf925588687c1ba", size = 8729, upload-time = "2022-08-14T12:40:10.846Z" }
wheels = [
    { url = "https://files.pythonhosted.org/packages/b3/38/89ba8ad64ae25be8de66a6d463314cf1eb366222074cfda9ee839c56a4b4/mdurl-0.1.2-py3-none-any.whl", hash = "sha256:84008a41e51615a49fc9966191ff91509e3c40b939176e643fd50a5c2196b8f8", size = 9979, upload-time = "2022-08-14T12:40:09.779Z" },
]

[[package]]
name = "mysql-connector-python"
version = "9.4.0"
source = { registry = "https://pypi.org/simple" }
resolution-markers = [
    "python_full_version < '3.10'",
]
sdist = { url = "https://files.pythonhosted.org/packages/02/77/2b45e6460d05b1f1b7a4c8eb79a50440b4417971973bb78c9ef6cad630a6/mysql_connector_python-9.4.0.tar.gz", hash = "sha256:d111360332ae78933daf3d48ff497b70739aa292ab0017791a33e826234e743b", size = 12185532, upload-time = "2025-07-22T08:02:05.788Z" }
wheels = [
    { url = "https://files.pythonhosted.org/packages/a2/ef/1a35d9ebfaf80cf5aa238be471480e16a69a494d276fb07b889dc9a5cfc3/mysql_connector_python-9.4.0-cp310-cp310-macosx_14_0_arm64.whl", hash = "sha256:3c2603e00516cf4208c6266e85c5c87d5f4d0ac79768106d50de42ccc8414c05", size = 17501678, upload-time = "2025-07-22T07:57:23.237Z" },
    { url = "https://files.pythonhosted.org/packages/3c/39/09ae7082c77a978f2d72d94856e2e57906165c645693bc3a940bcad3a32d/mysql_connector_python-9.4.0-cp310-cp310-macosx_14_0_x86_64.whl", hash = "sha256:47884fcb050112b8bef3458e17eac47cc81a6cbbf3524e3456146c949772d9b4", size = 18369526, upload-time = "2025-07-22T07:57:27.569Z" },
    { url = "https://files.pythonhosted.org/packages/40/56/1bea00f5129550bcd0175781b9cd467e865d4aea4a6f38f700f34d95dcb8/mysql_connector_python-9.4.0-cp310-cp310-manylinux_2_28_aarch64.whl", hash = "sha256:f14b6936cd326e212fc9ab5f666dea3efea654f0cb644460334e60e22986e735", size = 33508525, upload-time = "2025-07-22T07:57:32.935Z" },
    { url = "https://files.pythonhosted.org/packages/0f/ec/86dfefd3e6c0fca13085bc28b7f9baae3fce9f6af243d8693729f6b5063c/mysql_connector_python-9.4.0-cp310-cp310-manylinux_2_28_x86_64.whl", hash = "sha256:0f5ad70355720e64b72d7c068e858c9fd1f69b671d9575f857f235a10f878939", size = 33911834, upload-time = "2025-07-22T07:57:38.203Z" },
    { url = "https://files.pythonhosted.org/packages/2c/11/6907d53349b11478f72c8f22e38368d18262fbffc27e0f30e365d76dad93/mysql_connector_python-9.4.0-cp310-cp310-win_amd64.whl", hash = "sha256:7106670abce510e440d393e27fc3602b8cf21e7a8a80216cc9ad9a68cd2e4595", size = 16393044, upload-time = "2025-07-22T07:57:42.053Z" },
    { url = "https://files.pythonhosted.org/packages/fe/0c/4365a802129be9fa63885533c38be019f1c6b6f5bcf8844ac53902314028/mysql_connector_python-9.4.0-cp311-cp311-macosx_14_0_arm64.whl", hash = "sha256:7df1a8ddd182dd8adc914f6dc902a986787bf9599705c29aca7b2ce84e79d361", size = 17501627, upload-time = "2025-07-22T07:57:45.416Z" },
    { url = "https://files.pythonhosted.org/packages/c0/bf/ca596c00d7a6eaaf8ef2f66c9b23cd312527f483073c43ffac7843049cb4/mysql_connector_python-9.4.0-cp311-cp311-macosx_14_0_x86_64.whl", hash = "sha256:3892f20472e13e63b1fb4983f454771dd29f211b09724e69a9750e299542f2f8", size = 18369494, upload-time = "2025-07-22T07:57:49.714Z" },
    { url = "https://files.pythonhosted.org/packages/25/14/6510a11ed9f80d77f743dc207773092c4ab78d5efa454b39b48480315d85/mysql_connector_python-9.4.0-cp311-cp311-manylinux_2_28_aarch64.whl", hash = "sha256:d3e87142103d71c4df647ece30f98e85e826652272ed1c74822b56f6acdc38e7", size = 33516187, upload-time = "2025-07-22T07:57:55.294Z" },
    { url = "https://files.pythonhosted.org/packages/16/a8/4f99d80f1cf77733ce9a44b6adb7f0dd7079e7afa51ca4826515ef0c3e16/mysql_connector_python-9.4.0-cp311-cp311-manylinux_2_28_x86_64.whl", hash = "sha256:b27fcd403436fe83bafb2fe7fcb785891e821e639275c4ad3b3bd1e25f533206", size = 33917818, upload-time = "2025-07-22T07:58:00.523Z" },
    { url = "https://files.pythonhosted.org/packages/15/9c/127f974ca9d5ee25373cb5433da06bb1f36e05f2a6b7436da1fe9c6346b0/mysql_connector_python-9.4.0-cp311-cp311-win_amd64.whl", hash = "sha256:fd6ff5afb9c324b0bbeae958c93156cce4168c743bf130faf224d52818d1f0ee", size = 16392378, upload-time = "2025-07-22T07:58:04.669Z" },
    { url = "https://files.pythonhosted.org/packages/03/7c/a543fb17c2dfa6be8548dfdc5879a0c7924cd5d1c79056c48472bb8fe858/mysql_connector_python-9.4.0-cp312-cp312-macosx_14_0_arm64.whl", hash = "sha256:4efa3898a24aba6a4bfdbf7c1f5023c78acca3150d72cc91199cca2ccd22f76f", size = 17503693, upload-time = "2025-07-22T07:58:08.96Z" },
    { url = "https://files.pythonhosted.org/packages/cb/6e/c22fbee05f5cfd6ba76155b6d45f6261d8d4c1e36e23de04e7f25fbd01a4/mysql_connector_python-9.4.0-cp312-cp312-macosx_14_0_x86_64.whl", hash = "sha256:665c13e7402235162e5b7a2bfdee5895192121b64ea455c90a81edac6a48ede5", size = 18371987, upload-time = "2025-07-22T07:58:13.273Z" },
    { url = "https://files.pythonhosted.org/packages/b4/fd/f426f5f35a3d3180c7f84d1f96b4631be2574df94ca1156adab8618b236c/mysql_connector_python-9.4.0-cp312-cp312-manylinux_2_28_aarch64.whl", hash = "sha256:815aa6cad0f351c1223ef345781a538f2e5e44ef405fdb3851eb322bd9c4ca2b", size = 33516214, upload-time = "2025-07-22T07:58:18.967Z" },
    { url = "https://files.pythonhosted.org/packages/45/5a/1b053ae80b43cd3ccebc4bb99a98826969b3b0f8adebdcc2530750ad76ed/mysql_connector_python-9.4.0-cp312-cp312-manylinux_2_28_x86_64.whl", hash = "sha256:b3436a2c8c0ec7052932213e8d01882e6eb069dbab33402e685409084b133a1c", size = 33918565, upload-time = "2025-07-22T07:58:25.28Z" },
    { url = "https://files.pythonhosted.org/packages/cb/69/36b989de675d98ba8ff7d45c96c30c699865c657046f2e32db14e78f13d9/mysql_connector_python-9.4.0-cp312-cp312-win_amd64.whl", hash = "sha256:57b0c224676946b70548c56798d5023f65afa1ba5b8ac9f04a143d27976c7029", size = 16392563, upload-time = "2025-07-22T07:58:29.623Z" },
    { url = "https://files.pythonhosted.org/packages/79/e2/13036479cd1070d1080cee747de6c96bd6fbb021b736dd3ccef2b19016c8/mysql_connector_python-9.4.0-cp313-cp313-macosx_14_0_arm64.whl", hash = "sha256:fde3bbffb5270a4b02077029914e6a9d2ec08f67d8375b4111432a2778e7540b", size = 17503749, upload-time = "2025-07-22T07:58:33.649Z" },
    { url = "https://files.pythonhosted.org/packages/31/df/b89e6551b91332716d384dcc3223e1f8065902209dcd9e477a3df80154f7/mysql_connector_python-9.4.0-cp313-cp313-macosx_14_0_x86_64.whl", hash = "sha256:25f77ad7d845df3b5a5a3a6a8d1fed68248dc418a6938a371d1ddaaab6b9a8e3", size = 18372145, upload-time = "2025-07-22T07:58:37.384Z" },
    { url = "https://files.pythonhosted.org/packages/07/bd/af0de40a01d5cb4df19318cc018e64666f2b7fa89bffa1ab5b35337aae2c/mysql_connector_python-9.4.0-cp313-cp313-manylinux_2_28_aarch64.whl", hash = "sha256:227dd420c71e6d4788d52d98f298e563f16b6853577e5ade4bd82d644257c812", size = 33516503, upload-time = "2025-07-22T07:58:41.987Z" },
    { url = "https://files.pythonhosted.org/packages/d1/9b/712053216fcbe695e519ecb1035ffd767c2de9f51ccba15078537c99d6fa/mysql_connector_python-9.4.0-cp313-cp313-manylinux_2_28_x86_64.whl", hash = "sha256:5163381a312d38122eded2197eb5cd7ccf1a5c5881d4e7a6de10d6ea314d088e", size = 33918904, upload-time = "2025-07-22T07:58:46.796Z" },
    { url = "https://files.pythonhosted.org/packages/64/15/cbd996d425c59811849f3c1d1b1dae089a1ae18c4acd4d8de2b847b772df/mysql_connector_python-9.4.0-cp313-cp313-win_amd64.whl", hash = "sha256:c727cb1f82b40c9aaa7a15ab5cf0a7f87c5d8dce32eab5ff2530a4aa6054e7df", size = 16392566, upload-time = "2025-07-22T07:58:50.223Z" },
    { url = "https://files.pythonhosted.org/packages/6d/36/b32635b69729f144d45c0cbcd135cfd6c480a62160ac015ca71ebf68fca7/mysql_connector_python-9.4.0-cp39-cp39-macosx_14_0_arm64.whl", hash = "sha256:20f8154ab5c0ed444f8ef8e5fa91e65215037db102c137b5f995ebfffd309b78", size = 17501675, upload-time = "2025-07-22T07:58:53.049Z" },
    { url = "https://files.pythonhosted.org/packages/a0/23/65e801f74b3fcc2a6944242d64f0d623af48497e4d9cf55419c2c6d6439b/mysql_connector_python-9.4.0-cp39-cp39-macosx_14_0_x86_64.whl", hash = "sha256:7b8976d89d67c8b0dc452471cb557d9998ed30601fb69a876bf1f0ecaa7954a4", size = 18369579, upload-time = "2025-07-22T07:58:55.995Z" },
    { url = "https://files.pythonhosted.org/packages/86/e9/dc31eeffe33786016e1370be72f339544ee00034cb702c0b4a3c6f5c1585/mysql_connector_python-9.4.0-cp39-cp39-manylinux_2_28_aarch64.whl", hash = "sha256:4ee4fe1b067e243aae21981e4b9f9d300a3104814b8274033ca8fc7a89b1729e", size = 33506513, upload-time = "2025-07-22T07:58:59.341Z" },
    { url = "https://files.pythonhosted.org/packages/dd/c7/aa6f4cc2e5e3fb68b5a6bba680429b761e387b8a040cf16a5f17e0b09df6/mysql_connector_python-9.4.0-cp39-cp39-manylinux_2_28_x86_64.whl", hash = "sha256:1c6b95404e80d003cd452e38674e91528e2b3a089fe505c882f813b564e64f9d", size = 33909982, upload-time = "2025-07-22T07:59:02.832Z" },
    { url = "https://files.pythonhosted.org/packages/0c/a4/b1e2adc65121e7eabed06d09bed87638e7f9a51e9b5dbb1cfb17b58b1181/mysql_connector_python-9.4.0-cp39-cp39-win_amd64.whl", hash = "sha256:a8f820c111335f225d63367307456eb7e10494f87e7a94acded3bb762e55a6d4", size = 16393051, upload-time = "2025-07-22T07:59:05.983Z" },
    { url = "https://files.pythonhosted.org/packages/36/34/b6165e15fd45a8deb00932d8e7d823de7650270873b4044c4db6688e1d8f/mysql_connector_python-9.4.0-py2.py3-none-any.whl", hash = "sha256:56e679169c704dab279b176fab2a9ee32d2c632a866c0f7cd48a8a1e2cf802c4", size = 406574, upload-time = "2025-07-22T07:59:08.394Z" },
]

[[package]]
name = "mysql-connector-python"
version = "9.5.0"
source = { registry = "https://pypi.org/simple" }
resolution-markers = [
    "python_full_version >= '3.10'",
]
sdist = { url = "https://files.pythonhosted.org/packages/39/33/b332b001bc8c5ee09255a0d4b09a254da674450edd6a3e5228b245ca82a0/mysql_connector_python-9.5.0.tar.gz", hash = "sha256:92fb924285a86d8c146ebd63d94f9eaefa548da7813bc46271508fdc6cc1d596", size = 12251077, upload-time = "2025-10-22T09:05:45.423Z" }
wheels = [
    { url = "https://files.pythonhosted.org/packages/53/5d/30210fcf7ba98d1e03de0c47a58218ab5313d82f2e01ae53b47f45c36b9d/mysql_connector_python-9.5.0-cp310-cp310-macosx_14_0_arm64.whl", hash = "sha256:77d14c9fde90726de22443e8c5ba0912a4ebb632cc1ade52a349dacbac47b140", size = 17579085, upload-time = "2025-10-22T09:01:27.388Z" },
    { url = "https://files.pythonhosted.org/packages/77/92/ea79a0875436665330a81e82b4b73a6d52aebcfb1cf4d97f4ad4bd4dedf5/mysql_connector_python-9.5.0-cp310-cp310-macosx_14_0_x86_64.whl", hash = "sha256:4d603b55de310b9689bb3cb5e57fe97e98756e36d62f8f308f132f2c724f62b8", size = 18445098, upload-time = "2025-10-22T09:01:29.721Z" },
    { url = "https://files.pythonhosted.org/packages/5f/f2/4578b5093f46985c659035e880e70e8b0bed44d4a59ad4e83df5d49b9c69/mysql_connector_python-9.5.0-cp310-cp310-manylinux_2_28_aarch64.whl", hash = "sha256:48ffa71ba748afaae5c45ed9a085a72604368ce611fe81c3fdc146ef60181d51", size = 33660118, upload-time = "2025-10-22T09:01:32.048Z" },
    { url = "https://files.pythonhosted.org/packages/c5/60/63135610ae0cee1260ce64874c1ddbf08e7fb560c21a3d9cce88b0ddc266/mysql_connector_python-9.5.0-cp310-cp310-manylinux_2_28_x86_64.whl", hash = "sha256:77c71df48293d3c08713ff7087cf483804c8abf41a4bb4aefea7317b752c8e9a", size = 34096212, upload-time = "2025-10-22T09:01:36.306Z" },
    { url = "https://files.pythonhosted.org/packages/3e/b1/78dc693552cfbb45076b3638ca4c402fae52209af8f276370d02d78367a0/mysql_connector_python-9.5.0-cp310-cp310-win_amd64.whl", hash = "sha256:4f8d2d9d586c34dc9508a44d19cf30ccafabbbd12d7f8ab58da3af118636843c", size = 16512395, upload-time = "2025-10-22T09:01:38.602Z" },
    { url = "https://files.pythonhosted.org/packages/05/03/77347d58b0027ce93a41858477e08422e498c6ebc24348b1f725ed7a67ae/mysql_connector_python-9.5.0-cp311-cp311-macosx_14_0_arm64.whl", hash = "sha256:653e70cd10cf2d18dd828fae58dff5f0f7a5cf7e48e244f2093314dddf84a4b9", size = 17578984, upload-time = "2025-10-22T09:01:41.213Z" },
    { url = "https://files.pythonhosted.org/packages/a5/bb/0f45c7ee55ebc56d6731a593d85c0e7f25f83af90a094efebfd5be9fe010/mysql_connector_python-9.5.0-cp311-cp311-macosx_14_0_x86_64.whl", hash = "sha256:5add93f60b3922be71ea31b89bc8a452b876adbb49262561bd559860dae96b3f", size = 18445067, upload-time = "2025-10-22T09:01:43.215Z" },
    { url = "https://files.pythonhosted.org/packages/1c/ec/054de99d4aa50d851a37edca9039280f7194cc1bfd30aab38f5bd6977ebe/mysql_connector_python-9.5.0-cp311-cp311-manylinux_2_28_aarch64.whl", hash = "sha256:20950a5e44896c03e3dc93ceb3a5e9b48c9acae18665ca6e13249b3fe5b96811", size = 33668029, upload-time = "2025-10-22T09:01:45.74Z" },
    { url = "https://files.pythonhosted.org/packages/90/a2/e6095dc3a7ad5c959fe4a65681db63af131f572e57cdffcc7816bc84e3ad/mysql_connector_python-9.5.0-cp311-cp311-manylinux_2_28_x86_64.whl", hash = "sha256:7fdd3205b9242c284019310fa84437f3357b13f598e3f9b5d80d337d4a6406b8", size = 34101687, upload-time = "2025-10-22T09:01:48.462Z" },
    { url = "https://files.pythonhosted.org/packages/9c/88/bc13c33fca11acaf808bd1809d8602d78f5bb84f7b1e7b1a288c383a14fd/mysql_connector_python-9.5.0-cp311-cp311-win_amd64.whl", hash = "sha256:c021d8b0830958b28712c70c53b206b4cf4766948dae201ea7ca588a186605e0", size = 16511749, upload-time = "2025-10-22T09:01:51.032Z" },
    { url = "https://files.pythonhosted.org/packages/02/89/167ebee82f4b01ba7339c241c3cc2518886a2be9f871770a1efa81b940a0/mysql_connector_python-9.5.0-cp312-cp312-macosx_14_0_arm64.whl", hash = "sha256:a72c2ef9d50b84f3c567c31b3bf30901af740686baa2a4abead5f202e0b7ea61", size = 17581904, upload-time = "2025-10-22T09:01:53.21Z" },
    { url = "https://files.pythonhosted.org/packages/67/46/630ca969ce10b30fdc605d65dab4a6157556d8cc3b77c724f56c2d83cb79/mysql_connector_python-9.5.0-cp312-cp312-macosx_14_0_x86_64.whl", hash = "sha256:bd9ba5a946cfd3b3b2688a75135357e862834b0321ed936fd968049be290872b", size = 18448195, upload-time = "2025-10-22T09:01:55.378Z" },
    { url = "https://files.pythonhosted.org/packages/f6/87/4c421f41ad169d8c9065ad5c46673c7af889a523e4899c1ac1d6bfd37262/mysql_connector_python-9.5.0-cp312-cp312-manylinux_2_28_aarch64.whl", hash = "sha256:5ef7accbdf8b5f6ec60d2a1550654b7e27e63bf6f7b04020d5fb4191fb02bc4d", size = 33668638, upload-time = "2025-10-22T09:01:57.896Z" },
    { url = "https://files.pythonhosted.org/packages/a6/01/67cf210d50bfefbb9224b9a5c465857c1767388dade1004c903c8e22a991/mysql_connector_python-9.5.0-cp312-cp312-manylinux_2_28_x86_64.whl", hash = "sha256:a6e0a4a0274d15e3d4c892ab93f58f46431222117dba20608178dfb2cc4d5fd8", size = 34102899, upload-time = "2025-10-22T09:02:00.291Z" },
    { url = "https://files.pythonhosted.org/packages/cd/ef/3d1a67d503fff38cc30e11d111cf28f0976987fb175f47b10d44494e1080/mysql_connector_python-9.5.0-cp312-cp312-win_amd64.whl", hash = "sha256:b6c69cb37600b7e22f476150034e2afbd53342a175e20aea887f8158fc5e3ff6", size = 16512684, upload-time = "2025-10-22T09:02:02.411Z" },
    { url = "https://files.pythonhosted.org/packages/72/18/f221aeac49ce94ac119a427afbd51fe1629d48745b571afc0de49647b528/mysql_connector_python-9.5.0-cp313-cp313-macosx_14_0_arm64.whl", hash = "sha256:1f5f7346b0d5edb2e994c1bd77b3f5eed88b0ca368ad6788d1012c7e56d7bf68", size = 17581933, upload-time = "2025-10-22T09:02:04.396Z" },
    { url = "https://files.pythonhosted.org/packages/de/8e/14d44db7353350006a12e46d61c3a995bba06acd7547fc78f9bb32611e0c/mysql_connector_python-9.5.0-cp313-cp313-macosx_14_0_x86_64.whl", hash = "sha256:07bf52591b4215cb4318b4617c327a6d84c31978c11e3255f01a627bcda2618e", size = 18448446, upload-time = "2025-10-22T09:02:06.399Z" },
    { url = "https://files.pythonhosted.org/packages/6b/f5/ab306f292a99bff3544ff44ad53661a031dc1a11e5b1ad64b9e5b5290ef9/mysql_connector_python-9.5.0-cp313-cp313-manylinux_2_28_aarch64.whl", hash = "sha256:8972c1f960b30d487f34f9125ec112ea2b3200bd02c53e5e32ee7a43be6d64c1", size = 33668933, upload-time = "2025-10-22T09:02:08.785Z" },
    { url = "https://files.pythonhosted.org/packages/e8/ee/d146d2642552ebb5811cf551f06aca7da536c80b18fb6c75bdbc29723388/mysql_connector_python-9.5.0-cp313-cp313-manylinux_2_28_x86_64.whl", hash = "sha256:f6d32d7aa514d2f6f8709ba1e018314f82ab2acea2e6af30d04c1906fe9171b9", size = 34103214, upload-time = "2025-10-22T09:02:11.657Z" },
    { url = "https://files.pythonhosted.org/packages/e7/f8/5e88e5eda1fe58f7d146b73744f691d85dce76fb42e7ce3de53e49911da3/mysql_connector_python-9.5.0-cp313-cp313-win_amd64.whl", hash = "sha256:edd47048eb65c196b28aa9d2c0c6a017d8ca084a9a7041cd317301c829eb5a05", size = 16512689, upload-time = "2025-10-22T09:02:14.167Z" },
    { url = "https://files.pythonhosted.org/packages/14/42/52bef145028af1b8e633eb77773278a04b2cd9f824117209aba093018445/mysql_connector_python-9.5.0-cp314-cp314-macosx_14_0_arm64.whl", hash = "sha256:6effda35df1a96d9a096f04468d40f2324ea36b34d0e9632e81daae8be97b308", size = 17581903, upload-time = "2025-10-22T09:02:16.441Z" },
    { url = "https://files.pythonhosted.org/packages/f4/a6/bd800b42bde86bf2e9468dfabcbd7538c66daff9d1a9fc97d2cc897f96fa/mysql_connector_python-9.5.0-cp314-cp314-macosx_14_0_x86_64.whl", hash = "sha256:fd057bd042464eedbf5337d1ceea7f2a4ab075a1cf6d1d62ffd5184966a656dd", size = 18448394, upload-time = "2025-10-22T09:02:18.436Z" },
    { url = "https://files.pythonhosted.org/packages/4a/21/a1a3247775d0dfee094499cb915560755eaa1013ac3b03e34a98b0e16e49/mysql_connector_python-9.5.0-cp314-cp314-manylinux_2_28_aarch64.whl", hash = "sha256:2797dd7bbefb1d1669d984cfb284ea6b34401bbd9c1b3bf84e646d0bd3a82197", size = 33669845, upload-time = "2025-10-22T09:02:20.966Z" },
    { url = "https://files.pythonhosted.org/packages/58/b7/dcab48349ab8abafd6f40f113101549e0cf107e43dd9c7e1fae79799604b/mysql_connector_python-9.5.0-cp314-cp314-manylinux_2_28_x86_64.whl", hash = "sha256:a5fff063ed48281b7374a4da6b9ef4293d390c153f79b1589ee547ea08c92310", size = 34104103, upload-time = "2025-10-22T09:02:23.469Z" },
    { url = "https://files.pythonhosted.org/packages/21/3a/be129764fe5f5cd89a5aa3f58e7a7471284715f4af71097a980d24ebec0a/mysql_connector_python-9.5.0-cp314-cp314-win_amd64.whl", hash = "sha256:56104693478fd447886c470a6d0558ded0fe2577df44c18232a6af6a2bbdd3e9", size = 17001255, upload-time = "2025-10-22T09:02:25.765Z" },
    { url = "https://files.pythonhosted.org/packages/95/e1/45373c06781340c7b74fe9b88b85278ac05321889a307eaa5be079a997d4/mysql_connector_python-9.5.0-py2.py3-none-any.whl", hash = "sha256:ace137b88eb6fdafa1e5b2e03ac76ce1b8b1844b3a4af1192a02ae7c1a45bdee", size = 479047, upload-time = "2025-10-22T09:02:27.809Z" },
]

[[package]]
name = "payroll-manager"
version = "0.1.0"
source = { virtual = "." }
dependencies = [
    { name = "mysql-connector-python", version = "9.4.0", source = { registry = "https://pypi.org/simple" }, marker = "python_full_version < '3.10'" },
    { name = "mysql-connector-python", version = "9.5.0", source = { registry = "https://pypi.org/simple" }, marker = "python_full_version >= '3.10'" },
    { name = "textual" },
]

[package.metadata]
requires-dist = [
    { name = "mysql-connector-python", specifier = ">=9.4.0" },
    { name = "textual", specifier = ">=6.7.1" },
]

[[package]]
name = "platformdirs"
version = "4.4.0"
source = { registry = "https://pypi.org/simple" }
resolution-markers = [
    "python_full_version < '3.10'",
]
sdist = { url = "https://files.pythonhosted.org/packages/23/e8/21db9c9987b0e728855bd57bff6984f67952bea55d6f75e055c46b5383e8/platformdirs-4.4.0.tar.gz", hash = "sha256:ca753cf4d81dc309bc67b0ea38fd15dc97bc30ce419a7f58d13eb3bf14c4febf", size = 21634, upload-time = "2025-08-26T14:32:04.268Z" }
wheels = [
    { url = "https://files.pythonhosted.org/packages/40/4b/2028861e724d3bd36227adfa20d3fd24c3fc6d52032f4a93c133be5d17ce/platformdirs-4.4.0-py3-none-any.whl", hash = "sha256:abd01743f24e5287cd7a5db3752faf1a2d65353f38ec26d98e25a6db65958c85", size = 18654, upload-time = "2025-08-26T14:32:02.735Z" },
]

[[package]]
name = "platformdirs"
version = "4.5.1"
source = { registry = "https://pypi.org/simple" }
resolution-markers = [
    "python_full_version >= '3.10'",
]
sdist = { url = "https://files.pythonhosted.org/packages/cf/86/0248f086a84f01b37aaec0fa567b397df1a119f73c16f6c7a9aac73ea309/platformdirs-4.5.1.tar.gz", hash = "sha256:61d5cdcc6065745cdd94f0f878977f8de9437be93de97c1c12f853c9c0cdcbda", size = 21715, upload-time = "2025-12-05T13:52:58.638Z" }
wheels = [
    { url = "https://files.pythonhosted.org/packages/cb/28/3bfe2fa5a7b9c46fe7e13c97bda14c895fb10fa2ebf1d0abb90e0cea7ee1/platformdirs-4.5.1-py3-none-any.whl", hash = "sha256:d03afa3963c806a9bed9d5125c8f4cb2fdaf74a55ab60e5d59b3fde758104d31", size = 18731, upload-time = "2025-12-05T13:52:56.823Z" },
]

[[package]]
name = "pygments"
version = "2.19.2"
source = { registry = "https://pypi.org/simple" }
sdist = { url = "https://files.pythonhosted.org/packages/b0/77/a5b8c569bf593b0140bde72ea885a803b82086995367bf2037de0159d924/pygments-2.19.2.tar.gz", hash = "sha256:636cb2477cec7f8952536970bc533bc43743542f70392ae026374600add5b887", size = 4968631, upload-time = "2025-06-21T13:39:12.283Z" }
wheels = [
    { url = "https://files.pythonhosted.org/packages/c7/21/705964c7812476f378728bdf590ca4b771ec72385c533964653c68e86bdc/pygments-2.19.2-py3-none-any.whl", hash = "sha256:86540386c03d588bb81d44bc3928634ff26449851e99741617ecb9037ee5ec0b", size = 1225217, upload-time = "2025-06-21T13:39:07.939Z" },
]

[[package]]
name = "rich"
version = "14.2.0"
source = { registry = "https://pypi.org/simple" }
dependencies = [
    { name = "markdown-it-py", version = "3.0.0", source = { registry = "https://pypi.org/simple" }, marker = "python_full_version < '3.10'" },
    { name = "markdown-it-py", version = "4.0.0", source = { registry = "https://pypi.org/simple" }, marker = "python_full_version >= '3.10'" },
    { name = "pygments" },
]
sdist = { url = "https://files.pythonhosted.org/packages/fb/d2/8920e102050a0de7bfabeb4c4614a49248cf8d5d7a8d01885fbb24dc767a/rich-14.2.0.tar.gz", hash = "sha256:73ff50c7c0c1c77c8243079283f4edb376f0f6442433aecb8ce7e6d0b92d1fe4", size = 219990, upload-time = "2025-10-09T14:16:53.064Z" }
wheels = [
    { url = "https://files.pythonhosted.org/packages/25/7a/b0178788f8dc6cafce37a212c99565fa1fe7872c70c6c9c1e1a372d9d88f/rich-14.2.0-py3-none-any.whl", hash = "sha256:76bc51fe2e57d2b1be1f96c524b890b816e334ab4c1e45888799bfaab0021edd", size = 243393, upload-time = "2025-10-09T14:16:51.245Z" },
]

[[package]]
name = "textual"
version = "6.7.1"
source = { registry = "https://pypi.org/simple" }
dependencies = [
    { name = "markdown-it-py", version = "3.0.0", source = { registry = "https://pypi.org/simple" }, extra = ["linkify"], marker = "python_full_version < '3.10'" },
    { name = "markdown-it-py", version = "4.0.0", source = { registry = "https://pypi.org/simple" }, extra = ["linkify"], marker = "python_full_version >= '3.10'" },
    { name = "mdit-py-plugins", version = "0.4.2", source = { registry = "https://pypi.org/simple" }, marker = "python_full_version < '3.10'" },
    { name = "mdit-py-plugins", version = "0.5.0", source = { registry = "https://pypi.org/simple" }, marker = "python_full_version >= '3.10'" },
    { name = "platformdirs", version = "4.4.0", source = { registry = "https://pypi.org/simple" }, marker = "python_full_version < '3.10'" },
    { name = "platformdirs", version = "4.5.1", source = { registry = "https://pypi.org/simple" }, marker = "python_full_version >= '3.10'" },
    { name = "pygments" },
    { name = "rich" },
    { name = "typing-extensions" },
]
sdist = { url = "https://files.pythonhosted.org/packages/ab/00/9520327698acb6d8ae120b311ef1901840d55a6c41580e377f36261daf7a/textual-6.7.1.tar.gz", hash = "sha256:2a5acb0ab316a7ba9e74b0a291fab8933d681d7cf6f4e1eeb45c39a731b094cf", size = 1580916, upload-time = "2025-12-01T20:57:25.578Z" }
wheels = [
    { url = "https://files.pythonhosted.org/packages/2f/7a/7f3ea5e6f26d546ee4bd107df8fc9eef9f149dab0f6f15e1fc9f9413231f/textual-6.7.1-py3-none-any.whl", hash = "sha256:b92977ac5941dd37b6b7dc0ac021850ce8d9bf2e123c5bab7ff2016f215272e0", size = 713993, upload-time = "2025-12-01T20:57:23.698Z" },
]

[[package]]
name = "typing-extensions"
version = "4.15.0"
source = { registry = "https://pypi.org/simple" }
sdist = { url = "https://files.pythonhosted.org/packages/72/94/1a15dd82efb362ac84269196e94cf00f187f7ed21c242792a923cdb1c61f/typing_extensions-4.15.0.tar.gz", hash = "sha256:0cea48d173cc12fa28ecabc3b837ea3cf6f38c6d1136f85cbaaf598984861466", size = 109391, upload-time = "2025-08-25T13:49:26.313Z" }
wheels = [
    { url = "https://files.pythonhosted.org/packages/18/67/36e9267722cc04a6b9f15c7f3441c2363321a3ea07da7ae0c0707beb2a9c/typing_extensions-4.15.0-py3-none-any.whl", hash = "sha256:f0fa19c6845758ab08074a0cfa8b7aecb71c999ca73d62883bc25cc018c4e548", size = 44614, upload-time = "2025-08-25T13:49:24.86Z" },
]

[[package]]
name = "uc-micro-py"
version = "1.0.3"
source = { registry = "https://pypi.org/simple" }
sdist = { url = "https://files.pythonhosted.org/packages/91/7a/146a99696aee0609e3712f2b44c6274566bc368dfe8375191278045186b8/uc-micro-py-1.0.3.tar.gz", hash = "sha256:d321b92cff673ec58027c04015fcaa8bb1e005478643ff4a500882eaab88c48a", size = 6043, upload-time = "2024-02-09T16:52:01.654Z" }
wheels = [
    { url = "https://files.pythonhosted.org/packages/37/87/1f677586e8ac487e29672e4b17455758fce261de06a0d086167bb760361a/uc_micro_py-1.0.3-py3-none-any.whl", hash = "sha256:db1dffff340817673d7b466ec86114a9dc0e9d4d9b5ba229d9d60e5c12600cd5", size = 6229, upload-time = "2024-02-09T16:52:00.371Z" },
]
